
Microsoft Visual Studio Solution File, Format Version 12.00
# Visual Studio 15
VisualStudioVersion = 15.0.28307.168
MinimumVisualStudioVersion = 10.0.40219.1
Project("{FAE04EC0-301F-11D3-BF4B-00C04F79EFBC}") = "PeopleViewer", "PeopleViewer\PeopleViewer.csproj", "{068F7880-21BD-475F-A346-13AB0A23133E}"
EndProject
Project("{9A19103F-16F7-4668-BE54-9A1E7A4F7556}") = "People.Service", "People.Service\People.Service.csproj", "{7DD92A6C-7CB1-4CA2-9CD3-0C95633F198E}"
EndProject
Project("{2150E333-8FDC-42A3-9474-1A3956D46DE8}") = "0-Bootstrapper", "0-Bootstrapper", "{15C7047A-450E-4269-9F29-96EC321EA848}"
EndProject
Project("{2150E333-8FDC-42A3-9474-1A3956D46DE8}") = "4-DataStorage", "4-DataStorage", "{FF2926BF-8456-4C06-A755-3C3EB61F3DFE}"
EndProject
Project("{2150E333-8FDC-42A3-9474-1A3956D46DE8}") = "3-DataAccess", "3-DataAccess", "{C3D5F2F8-736B-4DCD-B829-8BFED74BA493}"
EndProject
Project("{2150E333-8FDC-42A3-9474-1A3956D46DE8}") = "2-Presentation", "2-Presentation", "{B12AEE66-1494-418E-A0DF-DDDA33E259F1}"
EndProject
Project("{9A19103F-16F7-4668-BE54-9A1E7A4F7556}") = "PeopleViewer.Presentation", "PeopleViewer.Presentation\PeopleViewer.Presentation.csproj", "{952DADE9-B379-4EF2-AA13-781A847818EC}"
EndProject
Project("{9A19103F-16F7-4668-BE54-9A1E7A4F7556}") = "PersonDataReader.Service", "PersonDataReader.Service\PersonDataReader.Service.csproj", "{CA99E8C7-8790-4FA2-9787-C8E5DB9E356E}"
EndProject
Project("{2150E333-8FDC-42A3-9474-1A3956D46DE8}") = "Shared", "Shared", "{27775FC0-A841-491F-AE5E-99BF754C0077}"
EndProject
Project("{9A19103F-16F7-4668-BE54-9A1E7A4F7556}") = "PeopleViewer.Common", "PeopleViewer.Common\PeopleViewer.Common.csproj", "{5D9D9BE8-9C6A-4655-9695-99942577A1D2}"
EndProject
Project("{2150E333-8FDC-42A3-9474-1A3956D46DE8}") = "1-View", "1-View", "{1C2CE1F7-5E88-4E31-AFE3-39087E20B84C}"
EndProject
Project("{FAE04EC0-301F-11D3-BF4B-00C04F79EFBC}") = "PeopleViewer.View", "PeopleViewer.View\PeopleViewer.View.csproj", "{92BDE9C2-DA8A-41B6-A127-D1CE620DB72C}"
EndProject
Project("{9A19103F-16F7-4668-BE54-9A1E7A4F7556}") = "PersonDataReader.CSV", "PersonDataReader.CSV\PersonDataReader.CSV.csproj", "{3780943E-4584-434D-991D-AB87DD2BD879}"
EndProject
Project("{9A19103F-16F7-4668-BE54-9A1E7A4F7556}") = "PersonDataReader.SQL", "PersonDataReader.SQL\PersonDataReader.SQL.csproj", "{8E89AC08-E15D-442A-AB5B-0F4887316B66}"
EndProject
Project("{9A19103F-16F7-4668-BE54-9A1E7A4F7556}") = "PersonDataReader.Decorators", "PersonDataReader.Decorators\PersonDataReader.Decorators.csproj", "{D174F4ED-F3C9-47C5-AFA9-95A1440D47BC}"
EndProject
Project("{2150E333-8FDC-42A3-9474-1A3956D46DE8}") = "UnitTests", "UnitTests", "{26A12083-390F-4C96-A57B-DF8E9C1575EF}"
EndProject
Project("{9A19103F-16F7-4668-BE54-9A1E7A4F7556}") = "PeopleViewer.Presentation.Tests", "PeopleViewer.Presentation.Tests\PeopleViewer.Presentation.Tests.csproj", "{ADE91CFA-0BE2-4957-90C2-E641B34433DA}"
EndProject
Project("{9A19103F-16F7-4668-BE54-9A1E7A4F7556}") = "PersonDataReader.CSV.Tests", "PersonDataReader.CSV.Tests\PersonDataReader.CSV.Tests.csproj", "{EFE2C2D3-86C5-4AEC-A7F0-1B9E5872F214}"
EndProject
Project("{FAE04EC0-301F-11D3-BF4B-00C04F79EFBC}") = "PeopleViewer.Ninject", "PeopleViewer.Ninject\PeopleViewer.Ninject.csproj", "{08E081D0-760A-4BED-A1ED-DDA84AAFCD1C}"
EndProject
Project("{FAE04EC0-301F-11D3-BF4B-00C04F79EFBC}") = "PeopleViewer.Autofac", "PeopleViewer.Autofac\PeopleViewer.Autofac.csproj", "{1997D367-7DED-497B-9966-A16A8D269C21}"
EndProject
Project("{FAE04EC0-301F-11D3-BF4B-00C04F79EFBC}") = "PeopleViewer.Autofac.LateBinding", "PeopleViewer.Autofac.LateBinding\PeopleViewer.Autofac.LateBinding.csproj", "{FB1D1F9B-50D9-403B-8F29-43B4A3F421D1}"
EndProject
Global
	GlobalSection(SolutionConfigurationPlatforms) = preSolution
		Debug|Any CPU = Debug|Any CPU
		Release|Any CPU = Release|Any CPU
	EndGlobalSection
	GlobalSection(ProjectConfigurationPlatforms) = postSolution
		{068F7880-21BD-475F-A346-13AB0A23133E}.Debug|Any CPU.ActiveCfg = Debug|Any CPU
		{068F7880-21BD-475F-A346-13AB0A23133E}.Debug|Any CPU.Build.0 = Debug|Any CPU
		{068F7880-21BD-475F-A346-13AB0A23133E}.Release|Any CPU.ActiveCfg = Release|Any CPU
		{068F7880-21BD-475F-A346-13AB0A23133E}.Release|Any CPU.Build.0 = Release|Any CPU
		{7DD92A6C-7CB1-4CA2-9CD3-0C95633F198E}.Debug|Any CPU.ActiveCfg = Debug|Any CPU
		{7DD92A6C-7CB1-4CA2-9CD3-0C95633F198E}.Debug|Any CPU.Build.0 = Debug|Any CPU
		{7DD92A6C-7CB1-4CA2-9CD3-0C95633F198E}.Release|Any CPU.ActiveCfg = Release|Any CPU
		{7DD92A6C-7CB1-4CA2-9CD3-0C95633F198E}.Release|Any CPU.Build.0 = Release|Any CPU
		{952DADE9-B379-4EF2-AA13-781A847818EC}.Debug|Any CPU.ActiveCfg = Debug|Any CPU
		{952DADE9-B379-4EF2-AA13-781A847818EC}.Debug|Any CPU.Build.0 = Debug|Any CPU
		{952DADE9-B379-4EF2-AA13-781A847818EC}.Release|Any CPU.ActiveCfg = Release|Any CPU
		{952DADE9-B379-4EF2-AA13-781A847818EC}.Release|Any CPU.Build.0 = Release|Any CPU
		{CA99E8C7-8790-4FA2-9787-C8E5DB9E356E}.Debug|Any CPU.ActiveCfg = Debug|Any CPU
		{CA99E8C7-8790-4FA2-9787-C8E5DB9E356E}.Debug|Any CPU.Build.0 = Debug|Any CPU
		{CA99E8C7-8790-4FA2-9787-C8E5DB9E356E}.Release|Any CPU.ActiveCfg = Release|Any CPU
		{CA99E8C7-8790-4FA2-9787-C8E5DB9E356E}.Release|Any CPU.Build.0 = Release|Any CPU
		{5D9D9BE8-9C6A-4655-9695-99942577A1D2}.Debug|Any CPU.ActiveCfg = Debug|Any CPU
		{5D9D9BE8-9C6A-4655-9695-99942577A1D2}.Debug|Any CPU.Build.0 = Debug|Any CPU
		{5D9D9BE8-9C6A-4655-9695-99942577A1D2}.Release|Any CPU.ActiveCfg = Release|Any CPU
		{5D9D9BE8-9C6A-4655-9695-99942577A1D2}.Release|Any CPU.Build.0 = Release|Any CPU
		{92BDE9C2-DA8A-41B6-A127-D1CE620DB72C}.Debug|Any CPU.ActiveCfg = Debug|Any CPU
		{92BDE9C2-DA8A-41B6-A127-D1CE620DB72C}.Debug|Any CPU.Build.0 = Debug|Any CPU
		{92BDE9C2-DA8A-41B6-A127-D1CE620DB72C}.Release|Any CPU.ActiveCfg = Release|Any CPU
		{92BDE9C2-DA8A-41B6-A127-D1CE620DB72C}.Release|Any CPU.Build.0 = Release|Any CPU
		{3780943E-4584-434D-991D-AB87DD2BD879}.Debug|Any CPU.ActiveCfg = Debug|Any CPU
		{3780943E-4584-434D-991D-AB87DD2BD879}.Debug|Any CPU.Build.0 = Debug|Any CPU
		{3780943E-4584-434D-991D-AB87DD2BD879}.Release|Any CPU.ActiveCfg = Release|Any CPU
		{3780943E-4584-434D-991D-AB87DD2BD879}.Release|Any CPU.Build.0 = Release|Any CPU
		{8E89AC08-E15D-442A-AB5B-0F4887316B66}.Debug|Any CPU.ActiveCfg = Debug|Any CPU
		{8E89AC08-E15D-442A-AB5B-0F4887316B66}.Debug|Any CPU.Build.0 = Debug|Any CPU
		{8E89AC08-E15D-442A-AB5B-0F4887316B66}.Release|Any CPU.ActiveCfg = Release|Any CPU
		{8E89AC08-E15D-442A-AB5B-0F4887316B66}.Release|Any CPU.Build.0 = Release|Any CPU
		{D174F4ED-F3C9-47C5-AFA9-95A1440D47BC}.Debug|Any CPU.ActiveCfg = Debug|Any CPU
		{D174F4ED-F3C9-47C5-AFA9-95A1440D47BC}.Debug|Any CPU.Build.0 = Debug|Any CPU
		{D174F4ED-F3C9-47C5-AFA9-95A1440D47BC}.Release|Any CPU.ActiveCfg = Release|Any CPU
		{D174F4ED-F3C9-47C5-AFA9-95A1440D47BC}.Release|Any CPU.Build.0 = Release|Any CPU
		{ADE91CFA-0BE2-4957-90C2-E641B34433DA}.Debug|Any CPU.ActiveCfg = Debug|Any CPU
		{ADE91CFA-0BE2-4957-90C2-E641B34433DA}.Debug|Any CPU.Build.0 = Debug|Any CPU
		{ADE91CFA-0BE2-4957-90C2-E641B34433DA}.Release|Any CPU.ActiveCfg = Release|Any CPU
		{ADE91CFA-0BE2-4957-90C2-E641B34433DA}.Release|Any CPU.Build.0 = Release|Any CPU
		{EFE2C2D3-86C5-4AEC-A7F0-1B9E5872F214}.Debug|Any CPU.ActiveCfg = Debug|Any CPU
		{EFE2C2D3-86C5-4AEC-A7F0-1B9E5872F214}.Debug|Any CPU.Build.0 = Debug|Any CPU
		{EFE2C2D3-86C5-4AEC-A7F0-1B9E5872F214}.Release|Any CPU.ActiveCfg = Release|Any CPU
		{EFE2C2D3-86C5-4AEC-A7F0-1B9E5872F214}.Release|Any CPU.Build.0 = Release|Any CPU
		{08E081D0-760A-4BED-A1ED-DDA84AAFCD1C}.Debug|Any CPU.ActiveCfg = Debug|Any CPU
		{08E081D0-760A-4BED-A1ED-DDA84AAFCD1C}.Debug|Any CPU.Build.0 = Debug|Any CPU
		{08E081D0-760A-4BED-A1ED-DDA84AAFCD1C}.Release|Any CPU.ActiveCfg = Release|Any CPU
		{08E081D0-760A-4BED-A1ED-DDA84AAFCD1C}.Release|Any CPU.Build.0 = Release|Any CPU
		{1997D367-7DED-497B-9966-A16A8D269C21}.Debug|Any CPU.ActiveCfg = Debug|Any CPU
		{1997D367-7DED-497B-9966-A16A8D269C21}.Debug|Any CPU.Build.0 = Debug|Any CPU
		{1997D367-7DED-497B-9966-A16A8D269C21}.Release|Any CPU.ActiveCfg = Release|Any CPU
		{1997D367-7DED-497B-9966-A16A8D269C21}.Release|Any CPU.Build.0 = Release|Any CPU
		{FB1D1F9B-50D9-403B-8F29-43B4A3F421D1}.Debug|Any CPU.ActiveCfg = Debug|Any CPU
		{FB1D1F9B-50D9-403B-8F29-43B4A3F421D1}.Debug|Any CPU.Build.0 = Debug|Any CPU
		{FB1D1F9B-50D9-403B-8F29-43B4A3F421D1}.Release|Any CPU.ActiveCfg = Release|Any CPU
		{FB1D1F9B-50D9-403B-8F29-43B4A3F421D1}.Release|Any CPU.Build.0 = Release|Any CPU
	EndGlobalSection
	GlobalSection(SolutionProperties) = preSolution
		HideSolutionNode = FALSE
	EndGlobalSection
	GlobalSection(NestedProjects) = preSolution
		{068F7880-21BD-475F-A346-13AB0A23133E} = {15C7047A-450E-4269-9F29-96EC321EA848}
		{7DD92A6C-7CB1-4CA2-9CD3-0C95633F198E} = {FF2926BF-8456-4C06-A755-3C3EB61F3DFE}
		{952DADE9-B379-4EF2-AA13-781A847818EC} = {B12AEE66-1494-418E-A0DF-DDDA33E259F1}
		{CA99E8C7-8790-4FA2-9787-C8E5DB9E356E} = {C3D5F2F8-736B-4DCD-B829-8BFED74BA493}
		{5D9D9BE8-9C6A-4655-9695-99942577A1D2} = {27775FC0-A841-491F-AE5E-99BF754C0077}
		{92BDE9C2-DA8A-41B6-A127-D1CE620DB72C} = {1C2CE1F7-5E88-4E31-AFE3-39087E20B84C}
		{3780943E-4584-434D-991D-AB87DD2BD879} = {C3D5F2F8-736B-4DCD-B829-8BFED74BA493}
		{8E89AC08-E15D-442A-AB5B-0F4887316B66} = {C3D5F2F8-736B-4DCD-B829-8BFED74BA493}
		{D174F4ED-F3C9-47C5-AFA9-95A1440D47BC} = {C3D5F2F8-736B-4DCD-B829-8BFED74BA493}
		{ADE91CFA-0BE2-4957-90C2-E641B34433DA} = {26A12083-390F-4C96-A57B-DF8E9C1575EF}
		{EFE2C2D3-86C5-4AEC-A7F0-1B9E5872F214} = {26A12083-390F-4C96-A57B-DF8E9C1575EF}
		{08E081D0-760A-4BED-A1ED-DDA84AAFCD1C} = {15C7047A-450E-4269-9F29-96EC321EA848}
		{1997D367-7DED-497B-9966-A16A8D269C21} = {15C7047A-450E-4269-9F29-96EC321EA848}
		{FB1D1F9B-50D9-403B-8F29-43B4A3F421D1} = {15C7047A-450E-4269-9F29-96EC321EA848}
	EndGlobalSection
	GlobalSection(ExtensibilityGlobals) = postSolution
		SolutionGuid = {FCF92DCF-3599-4010-BB06-FFF5E0A25037}
	EndGlobalSection
EndGlobal
